
Microsoft Visual Studio Solution File, Format Version 12.00
# Visual Studio Version 16
VisualStudioVersion = 16.0.33214.272
MinimumVisualStudioVersion = 10.0.40219.1
Project("{FAE04EC0-301F-11D3-BF4B-00C04F79EFBC}") = "VivaStore", "VivaStore\VivaStore.csproj", "{7B468AF5-30D5-422E-AD55-4E78AB7E464A}"
EndProject
Global
	GlobalSection(SolutionConfigurationPlatforms) = preSolution
		Debug|Any CPU = Debug|Any CPU
		Release|Any CPU = Release|Any CPU
	EndGlobalSection
	GlobalSection(ProjectConfigurationPlatforms) = postSolution
		{7B468AF5-30D5-422E-AD55-4E78AB7E464A}.Debug|Any CPU.ActiveCfg = Debug|Any CPU
		{7B468AF5-30D5-422E-AD55-4E78AB7E464A}.Debug|Any CPU.Build.0 = Debug|Any CPU
		{7B468AF5-30D5-422E-AD55-4E78AB7E464A}.Release|Any CPU.ActiveCfg = Release|Any CPU
		{7B468AF5-30D5-422E-AD55-4E78AB7E464A}.Release|Any CPU.Build.0 = Release|Any CPU
	EndGlobalSection
	GlobalSection(SolutionProperties) = preSolution
		HideSolutionNode = FALSE
	EndGlobalSection
	GlobalSection(ExtensibilityGlobals) = postSolution
		SolutionGuid = {AAFC7D52-FA88-4AFF-8F8F-F4D99BA307D4}
	EndGlobalSection
EndGlobal
